
Microsoft Visual Studio Solution File, Format Version 12.00
# Visual Studio 14
VisualStudioVersion = 14.0.25420.1
MinimumVisualStudioVersion = 10.0.40219.1
Project("{8BC9CEB8-8B4A-11D0-8D11-00A0C91BC942}") = "HelloWorld", "HelloWorld\HelloWorld.vcxproj", "{CB18CF33-D12B-4FAC-A6DB-49280012D1A4}"
EndProject
Project("{8BC9CEB8-8B4A-11D0-8D11-00A0C91BC942}") = "ConsoleApplication1", "ConsoleApplication1\ConsoleApplication1.vcxproj", "{F56BEE0E-7683-4859-894B-20DE827F8033}"
EndProject
Project("{8BC9CEB8-8B4A-11D0-8D11-00A0C91BC942}") = "ConsoleApplication2", "ConsoleApplication2\ConsoleApplication2.vcxproj", "{F966A50A-B7FB-4E9E-A991-9DEA872DC12B}"
EndProject
Project("{8BC9CEB8-8B4A-11D0-8D11-00A0C91BC942}") = "Lesson02_1", "Lesson02_1\Lesson02_1.vcxproj", "{B3F9FD7C-CA5A-4EFE-9DBE-742E4FA9020D}"
EndProject
Project("{8BC9CEB8-8B4A-11D0-8D11-00A0C91BC942}") = "Lesson02_2", "Lesson02_2\Lesson02_2.vcxproj", "{9D5B021F-7282-4821-B986-2D60D42B18F1}"
EndProject
Project("{8BC9CEB8-8B4A-11D0-8D11-00A0C91BC942}") = "Lesson02_3", "Lesson02_3\Lesson02_3.vcxproj", "{C17FBC71-2BD1-4E4B-BB52-9512F5331000}"
EndProject
Project("{8BC9CEB8-8B4A-11D0-8D11-00A0C91BC942}") = "Test", "Lesson03Tu_1\Lesson03Tu_1.vcxproj", "{4566FEA6-4C03-4E1A-89E9-69E8CA4E5ECC}"
EndProject
Project("{8BC9CEB8-8B4A-11D0-8D11-00A0C91BC942}") = "Lesson03Th_1", "Lesson03Th_1\Lesson03Th_1.vcxproj", "{71C27C15-FBF5-4D94-8AC6-F3EA0720886B}"
EndProject
Project("{8BC9CEB8-8B4A-11D0-8D11-00A0C91BC942}") = "Lesson03Th_2", "Lesson03Th_2\Lesson03Th_2.vcxproj", "{F765FFB6-6C51-41B8-8F9B-326E573FE2A3}"
EndProject
Project("{8BC9CEB8-8B4A-11D0-8D11-00A0C91BC942}") = "Lesson03Th_3", "Lesson03Th_3\Lesson03Th_3.vcxproj", "{D7921510-E84E-45DC-9992-F44E8A206668}"
EndProject
Project("{8BC9CEB8-8B4A-11D0-8D11-00A0C91BC942}") = "Lesson03Th_4", "Lesson03Th_4\Lesson03Th_4.vcxproj", "{894C18CF-FA07-47D1-8410-930F3647689D}"
EndProject
Project("{8BC9CEB8-8B4A-11D0-8D11-00A0C91BC942}") = "Lesson04Tu_1", "Lesson04Tu_1\Lesson04Tu_1.vcxproj", "{6CFA59D5-9C05-4AE7-B783-928257BFCF1B}"
EndProject
Project("{8BC9CEB8-8B4A-11D0-8D11-00A0C91BC942}") = "lesson04Th_1", "lesson04Th_1\lesson04Th_1.vcxproj", "{A92E351C-089D-46A3-AAFC-1BAF6EC6BB14}"
EndProject
Project("{8BC9CEB8-8B4A-11D0-8D11-00A0C91BC942}") = "lesson04Th_2", "lesson04Tu_2\lesson04Tu_2.vcxproj", "{445F5B6B-C88D-4227-8C55-F38AF9C37F75}"
EndProject
Project("{8BC9CEB8-8B4A-11D0-8D11-00A0C91BC942}") = "Lesson05Th_1", "Lesson05Th_1\Lesson05Th_1.vcxproj", "{BAA51162-7A74-4BD2-945F-1F2096269662}"
EndProject
Project("{8BC9CEB8-8B4A-11D0-8D11-00A0C91BC942}") = "Lesson05Th_1_2", "Lesson05Th_1_2\Lesson05Th_1_2.vcxproj", "{FE830103-9CED-49FB-AB67-BA7DC85C35C0}"
EndProject
Project("{8BC9CEB8-8B4A-11D0-8D11-00A0C91BC942}") = "Lesson05Th_2_1", "Lesson05Th_2_1\Lesson05Th_2_1.vcxproj", "{94EA33D2-BCBF-452C-A05D-DCE70A6E8CFD}"
EndProject
Project("{8BC9CEB8-8B4A-11D0-8D11-00A0C91BC942}") = "Lesson06Th_1", "Lesson06Th_1\Lesson06Th_1.vcxproj", "{AE695B91-9B9F-4A67-B46D-2C79DB2481C9}"
EndProject
Project("{8BC9CEB8-8B4A-11D0-8D11-00A0C91BC942}") = "Lesson06Th_2", "Lesson06Th_2\Lesson06Th_2.vcxproj", "{2C749C04-D295-4CAA-ABB9-ED9BA6D07F0C}"
EndProject
Project("{8BC9CEB8-8B4A-11D0-8D11-00A0C91BC942}") = "Lesson06Th_3", "Lesson06Th_3\Lesson06Th_3.vcxproj", "{03DF78C1-FB57-42AB-9E7F-9C038121D507}"
EndProject
Project("{8BC9CEB8-8B4A-11D0-8D11-00A0C91BC942}") = "Lesson08Tu_1", "Lesson07Tu_1\Lesson07Tu_1.vcxproj", "{0B83D6CA-4D45-4001-AA5E-5A9BE813BBE1}"
EndProject
Project("{8BC9CEB8-8B4A-11D0-8D11-00A0C91BC942}") = "Lesson08Th_1", "Lesson08Th_1\Lesson08Th_1.vcxproj", "{DB511F33-705B-47A8-AD88-3CB3247625D7}"
EndProject
Project("{8BC9CEB8-8B4A-11D0-8D11-00A0C91BC942}") = "Lesson08Th_2", "Lesson08Th_2\Lesson08Th_2.vcxproj", "{926B4369-C8B0-42FD-9744-F56154D65775}"
EndProject
Project("{8BC9CEB8-8B4A-11D0-8D11-00A0C91BC942}") = "Lesson09Tu_1", "Lesson09Tu_1\Lesson09Tu_1.vcxproj", "{A8864B6F-0970-4D46-9BA2-6B962521F57D}"
EndProject
Project("{8BC9CEB8-8B4A-11D0-8D11-00A0C91BC942}") = "Lesson09Th_1", "Lesson09Th_1\Lesson09Th_1.vcxproj", "{ED3D32F4-B33B-4081-B101-D436D5CD855D}"
EndProject
Project("{8BC9CEB8-8B4A-11D0-8D11-00A0C91BC942}") = "Lesson09Th_2", "Lesson09_2\Lesson09_2.vcxproj", "{66EC2F96-6F9D-492A-9FB6-6A1FD638EB5B}"
EndProject
Project("{8BC9CEB8-8B4A-11D0-8D11-00A0C91BC942}") = "Lesson09Th_3", "Lesson9Th_3\Lesson9Th_3.vcxproj", "{25CE299A-895F-4002-A51D-18F3AB90E146}"
EndProject
Project("{8BC9CEB8-8B4A-11D0-8D11-00A0C91BC942}") = "Lesson10Tu_1", "Lesson10Tu_1\Lesson10Tu_1.vcxproj", "{8598AB3C-44C9-4687-A311-9D92D674E406}"
EndProject
Project("{8BC9CEB8-8B4A-11D0-8D11-00A0C91BC942}") = "Lesson10Th_1", "Lesson10Th_1\Lesson10Th_1.vcxproj", "{38AA14C9-1A19-4C0A-950D-42904D1D610F}"
EndProject
Project("{8BC9CEB8-8B4A-11D0-8D11-00A0C91BC942}") = "Lesson10Th_2", "Lesson01Th_2\Lesson01Th_2.vcxproj", "{229ADB53-23CC-4E8F-98F4-00172AC305A9}"
EndProject
Project("{8BC9CEB8-8B4A-11D0-8D11-00A0C91BC942}") = "Lesson10Th_3", "Lesson10Th_3\Lesson10Th_3.vcxproj", "{BE172820-4E47-4863-92FD-C8DB3019A990}"
EndProject
Project("{8BC9CEB8-8B4A-11D0-8D11-00A0C91BC942}") = "Lesson11Tu_01", "Lesson11Tu_1\Lesson11Tu_1.vcxproj", "{653D7370-8F8D-498D-8609-65CF35C23F57}"
EndProject
Project("{8BC9CEB8-8B4A-11D0-8D11-00A0C91BC942}") = "Lesson11Tu_02", "Lesson11Tu_2\Lesson11Tu_2.vcxproj", "{C0B4C0B7-3283-4117-87B5-F257C46EA005}"
EndProject
Project("{8BC9CEB8-8B4A-11D0-8D11-00A0C91BC942}") = "Lesson11Tu_03", "Lesson11Tu_03\Lesson11Tu_03.vcxproj", "{832FD4BB-6D3D-4EA1-AE81-A41175FB27FD}"
EndProject
Project("{8BC9CEB8-8B4A-11D0-8D11-00A0C91BC942}") = "Lesson11Tu_04", "Lesson11Tu_04\Lesson11Tu_04.vcxproj", "{A9256709-F40E-4855-9F79-B4EABAF50B83}"
EndProject
Project("{8BC9CEB8-8B4A-11D0-8D11-00A0C91BC942}") = "Lesson11Th_01", "Lesson11Th_01\Lesson11Th_01.vcxproj", "{622D6AF3-5700-43AE-8903-96FF97F55FF9}"
EndProject
Project("{8BC9CEB8-8B4A-11D0-8D11-00A0C91BC942}") = "Lesson11Th_03_1", "Lesson11Th_03\Lesson11Th_03.vcxproj", "{C20EDC3B-2917-44A9-8477-DA54CE2D3B16}"
EndProject
Project("{8BC9CEB8-8B4A-11D0-8D11-00A0C91BC942}") = "Lesson11Th_03_2", "Lesson11Th_03_2\Lesson11Th_03_2.vcxproj", "{7094ED2D-7109-499D-B08A-4D2C076F5407}"
EndProject
Project("{8BC9CEB8-8B4A-11D0-8D11-00A0C91BC942}") = "Lesson11Th_03_3", "Lesson11Th_03_3\Lesson11Th_03_3.vcxproj", "{0F073965-D279-44F0-9EC6-A77683EEEA2B}"
EndProject
Project("{8BC9CEB8-8B4A-11D0-8D11-00A0C91BC942}") = "Lesson11Th_03_4", "Lesson11Th_03_4\Lesson11Th_03_4.vcxproj", "{F42714F6-6CF8-474C-AE1A-8884A36574A9}"
EndProject
Project("{8BC9CEB8-8B4A-11D0-8D11-00A0C91BC942}") = "Lesson11Th_02", "Lesson11Th_02\Lesson11Th_02.vcxproj", "{0D5A2D7E-932E-4B83-9186-9C2178A1A981}"
EndProject
Project("{8BC9CEB8-8B4A-11D0-8D11-00A0C91BC942}") = "Lesson11Th_04", "Lesson11Th_04\Lesson11Th_04.vcxproj", "{4EBEFC52-1B92-4BEA-B36C-B9061A940040}"
EndProject
Project("{8BC9CEB8-8B4A-11D0-8D11-00A0C91BC942}") = "Lesson12Tu_1", "Lesson12Tu_1\Lesson12Tu_1.vcxproj", "{BFF5EDAF-A868-4C49-9856-D7B71107BCAB}"
EndProject
Project("{8BC9CEB8-8B4A-11D0-8D11-00A0C91BC942}") = "Lesson12Tu_2", "Lesson12tu_2\Lesson12tu_2.vcxproj", "{82AD0BB7-4278-46CC-B5EE-81DA1C4218C5}"
EndProject
Project("{8BC9CEB8-8B4A-11D0-8D11-00A0C91BC942}") = "Lesson12Th_05", "Lesson12Th_05\Lesson12Th_05.vcxproj", "{849E589D-D5B8-46D8-B45A-5F3AFCB9DC40}"
EndProject
Project("{8BC9CEB8-8B4A-11D0-8D11-00A0C91BC942}") = "Lesson12Th_04", "Lesson12Th_04\Lesson12Th_04.vcxproj", "{C1B2E703-F891-4CA0-8E08-A4CAD73F25C7}"
EndProject
Project("{8BC9CEB8-8B4A-11D0-8D11-00A0C91BC942}") = "Lesson12Th_03", "Lesson12Th_03\Lesson12Th_03.vcxproj", "{23D51649-D7D7-461B-8C32-040B8EE80990}"
EndProject
Project("{8BC9CEB8-8B4A-11D0-8D11-00A0C91BC942}") = "Lesson12Th_01", "Lesson12Th_01\Lesson12Th_01.vcxproj", "{34339A16-8AE2-4824-A6E3-7C4919EA6178}"
EndProject
Project("{8BC9CEB8-8B4A-11D0-8D11-00A0C91BC942}") = "Lesson12Th_02", "Lesson12Th_02\Lesson12Th_02.vcxproj", "{EEDF6C5B-7AC9-4431-8621-C7B507D186C0}"
EndProject
Project("{8BC9CEB8-8B4A-11D0-8D11-00A0C91BC942}") = "Lesson14Tu_01", "Lesson14Tu_01\Lesson14Tu_01.vcxproj", "{C45036BD-40BC-49C0-923C-7CC2B9C217A2}"
EndProject
Project("{8BC9CEB8-8B4A-11D0-8D11-00A0C91BC942}") = "Lesson14Tu_02", "Lesson14Tu_02\Lesson14Tu_02.vcxproj", "{40B211E9-4959-4287-9109-10B71EAC185E}"
EndProject
Project("{8BC9CEB8-8B4A-11D0-8D11-00A0C91BC942}") = "Lesson14Th_01", "Lesson14Th_01\Lesson14Th_01.vcxproj", "{89DE0F66-47A5-4D8B-A7EC-C6E21AD2EB3F}"
EndProject
Project("{8BC9CEB8-8B4A-11D0-8D11-00A0C91BC942}") = "Lesson14Th_02", "Lesson14Th_02\Lesson14Th_02.vcxproj", "{3F910EFD-7B6F-4888-8FA4-D9CADFAA96E3}"
EndProject
Project("{8BC9CEB8-8B4A-11D0-8D11-00A0C91BC942}") = "Lesson14Th_03", "Lesson14Th_03\Lesson14Th_03.vcxproj", "{E86A7AA9-726B-459D-8C73-7B11B1400BAB}"
EndProject
Global
	GlobalSection(SolutionConfigurationPlatforms) = preSolution
		Debug|x64 = Debug|x64
		Debug|x86 = Debug|x86
		Release|x64 = Release|x64
		Release|x86 = Release|x86
	EndGlobalSection
	GlobalSection(ProjectConfigurationPlatforms) = postSolution
		{CB18CF33-D12B-4FAC-A6DB-49280012D1A4}.Debug|x64.ActiveCfg = Debug|x64
		{CB18CF33-D12B-4FAC-A6DB-49280012D1A4}.Debug|x64.Build.0 = Debug|x64
		{CB18CF33-D12B-4FAC-A6DB-49280012D1A4}.Debug|x86.ActiveCfg = Debug|Win32
		{CB18CF33-D12B-4FAC-A6DB-49280012D1A4}.Debug|x86.Build.0 = Debug|Win32
		{CB18CF33-D12B-4FAC-A6DB-49280012D1A4}.Release|x64.ActiveCfg = Release|x64
		{CB18CF33-D12B-4FAC-A6DB-49280012D1A4}.Release|x64.Build.0 = Release|x64
		{CB18CF33-D12B-4FAC-A6DB-49280012D1A4}.Release|x86.ActiveCfg = Release|Win32
		{CB18CF33-D12B-4FAC-A6DB-49280012D1A4}.Release|x86.Build.0 = Release|Win32
		{F56BEE0E-7683-4859-894B-20DE827F8033}.Debug|x64.ActiveCfg = Debug|x64
		{F56BEE0E-7683-4859-894B-20DE827F8033}.Debug|x64.Build.0 = Debug|x64
		{F56BEE0E-7683-4859-894B-20DE827F8033}.Debug|x86.ActiveCfg = Debug|Win32
		{F56BEE0E-7683-4859-894B-20DE827F8033}.Debug|x86.Build.0 = Debug|Win32
		{F56BEE0E-7683-4859-894B-20DE827F8033}.Release|x64.ActiveCfg = Release|x64
		{F56BEE0E-7683-4859-894B-20DE827F8033}.Release|x64.Build.0 = Release|x64
		{F56BEE0E-7683-4859-894B-20DE827F8033}.Release|x86.ActiveCfg = Release|Win32
		{F56BEE0E-7683-4859-894B-20DE827F8033}.Release|x86.Build.0 = Release|Win32
		{F966A50A-B7FB-4E9E-A991-9DEA872DC12B}.Debug|x64.ActiveCfg = Debug|x64
		{F966A50A-B7FB-4E9E-A991-9DEA872DC12B}.Debug|x64.Build.0 = Debug|x64
		{F966A50A-B7FB-4E9E-A991-9DEA872DC12B}.Debug|x86.ActiveCfg = Debug|Win32
		{F966A50A-B7FB-4E9E-A991-9DEA872DC12B}.Debug|x86.Build.0 = Debug|Win32
		{F966A50A-B7FB-4E9E-A991-9DEA872DC12B}.Release|x64.ActiveCfg = Release|x64
		{F966A50A-B7FB-4E9E-A991-9DEA872DC12B}.Release|x64.Build.0 = Release|x64
		{F966A50A-B7FB-4E9E-A991-9DEA872DC12B}.Release|x86.ActiveCfg = Release|Win32
		{F966A50A-B7FB-4E9E-A991-9DEA872DC12B}.Release|x86.Build.0 = Release|Win32
		{B3F9FD7C-CA5A-4EFE-9DBE-742E4FA9020D}.Debug|x64.ActiveCfg = Debug|x64
		{B3F9FD7C-CA5A-4EFE-9DBE-742E4FA9020D}.Debug|x64.Build.0 = Debug|x64
		{B3F9FD7C-CA5A-4EFE-9DBE-742E4FA9020D}.Debug|x86.ActiveCfg = Debug|Win32
		{B3F9FD7C-CA5A-4EFE-9DBE-742E4FA9020D}.Debug|x86.Build.0 = Debug|Win32
		{B3F9FD7C-CA5A-4EFE-9DBE-742E4FA9020D}.Release|x64.ActiveCfg = Release|x64
		{B3F9FD7C-CA5A-4EFE-9DBE-742E4FA9020D}.Release|x64.Build.0 = Release|x64
		{B3F9FD7C-CA5A-4EFE-9DBE-742E4FA9020D}.Release|x86.ActiveCfg = Release|Win32
		{B3F9FD7C-CA5A-4EFE-9DBE-742E4FA9020D}.Release|x86.Build.0 = Release|Win32
		{9D5B021F-7282-4821-B986-2D60D42B18F1}.Debug|x64.ActiveCfg = Debug|x64
		{9D5B021F-7282-4821-B986-2D60D42B18F1}.Debug|x64.Build.0 = Debug|x64
		{9D5B021F-7282-4821-B986-2D60D42B18F1}.Debug|x86.ActiveCfg = Debug|Win32
		{9D5B021F-7282-4821-B986-2D60D42B18F1}.Debug|x86.Build.0 = Debug|Win32
		{9D5B021F-7282-4821-B986-2D60D42B18F1}.Release|x64.ActiveCfg = Release|x64
		{9D5B021F-7282-4821-B986-2D60D42B18F1}.Release|x64.Build.0 = Release|x64
		{9D5B021F-7282-4821-B986-2D60D42B18F1}.Release|x86.ActiveCfg = Release|Win32
		{9D5B021F-7282-4821-B986-2D60D42B18F1}.Release|x86.Build.0 = Release|Win32
		{C17FBC71-2BD1-4E4B-BB52-9512F5331000}.Debug|x64.ActiveCfg = Debug|x64
		{C17FBC71-2BD1-4E4B-BB52-9512F5331000}.Debug|x64.Build.0 = Debug|x64
		{C17FBC71-2BD1-4E4B-BB52-9512F5331000}.Debug|x86.ActiveCfg = Debug|Win32
		{C17FBC71-2BD1-4E4B-BB52-9512F5331000}.Debug|x86.Build.0 = Debug|Win32
		{C17FBC71-2BD1-4E4B-BB52-9512F5331000}.Release|x64.ActiveCfg = Release|x64
		{C17FBC71-2BD1-4E4B-BB52-9512F5331000}.Release|x64.Build.0 = Release|x64
		{C17FBC71-2BD1-4E4B-BB52-9512F5331000}.Release|x86.ActiveCfg = Release|Win32
		{C17FBC71-2BD1-4E4B-BB52-9512F5331000}.Release|x86.Build.0 = Release|Win32
		{4566FEA6-4C03-4E1A-89E9-69E8CA4E5ECC}.Debug|x64.ActiveCfg = Debug|x64
		{4566FEA6-4C03-4E1A-89E9-69E8CA4E5ECC}.Debug|x64.Build.0 = Debug|x64
		{4566FEA6-4C03-4E1A-89E9-69E8CA4E5ECC}.Debug|x86.ActiveCfg = Debug|Win32
		{4566FEA6-4C03-4E1A-89E9-69E8CA4E5ECC}.Debug|x86.Build.0 = Debug|Win32
		{4566FEA6-4C03-4E1A-89E9-69E8CA4E5ECC}.Release|x64.ActiveCfg = Release|x64
		{4566FEA6-4C03-4E1A-89E9-69E8CA4E5ECC}.Release|x64.Build.0 = Release|x64
		{4566FEA6-4C03-4E1A-89E9-69E8CA4E5ECC}.Release|x86.ActiveCfg = Release|Win32
		{4566FEA6-4C03-4E1A-89E9-69E8CA4E5ECC}.Release|x86.Build.0 = Release|Win32
		{71C27C15-FBF5-4D94-8AC6-F3EA0720886B}.Debug|x64.ActiveCfg = Debug|x64
		{71C27C15-FBF5-4D94-8AC6-F3EA0720886B}.Debug|x64.Build.0 = Debug|x64
		{71C27C15-FBF5-4D94-8AC6-F3EA0720886B}.Debug|x86.ActiveCfg = Debug|Win32
		{71C27C15-FBF5-4D94-8AC6-F3EA0720886B}.Debug|x86.Build.0 = Debug|Win32
		{71C27C15-FBF5-4D94-8AC6-F3EA0720886B}.Release|x64.ActiveCfg = Release|x64
		{71C27C15-FBF5-4D94-8AC6-F3EA0720886B}.Release|x64.Build.0 = Release|x64
		{71C27C15-FBF5-4D94-8AC6-F3EA0720886B}.Release|x86.ActiveCfg = Release|Win32
		{71C27C15-FBF5-4D94-8AC6-F3EA0720886B}.Release|x86.Build.0 = Release|Win32
		{F765FFB6-6C51-41B8-8F9B-326E573FE2A3}.Debug|x64.ActiveCfg = Debug|x64
		{F765FFB6-6C51-41B8-8F9B-326E573FE2A3}.Debug|x64.Build.0 = Debug|x64
		{F765FFB6-6C51-41B8-8F9B-326E573FE2A3}.Debug|x86.ActiveCfg = Debug|Win32
		{F765FFB6-6C51-41B8-8F9B-326E573FE2A3}.Debug|x86.Build.0 = Debug|Win32
		{F765FFB6-6C51-41B8-8F9B-326E573FE2A3}.Release|x64.ActiveCfg = Release|x64
		{F765FFB6-6C51-41B8-8F9B-326E573FE2A3}.Release|x64.Build.0 = Release|x64
		{F765FFB6-6C51-41B8-8F9B-326E573FE2A3}.Release|x86.ActiveCfg = Release|Win32
		{F765FFB6-6C51-41B8-8F9B-326E573FE2A3}.Release|x86.Build.0 = Release|Win32
		{D7921510-E84E-45DC-9992-F44E8A206668}.Debug|x64.ActiveCfg = Debug|x64
		{D7921510-E84E-45DC-9992-F44E8A206668}.Debug|x64.Build.0 = Debug|x64
		{D7921510-E84E-45DC-9992-F44E8A206668}.Debug|x86.ActiveCfg = Debug|Win32
		{D7921510-E84E-45DC-9992-F44E8A206668}.Debug|x86.Build.0 = Debug|Win32
		{D7921510-E84E-45DC-9992-F44E8A206668}.Release|x64.ActiveCfg = Release|x64
		{D7921510-E84E-45DC-9992-F44E8A206668}.Release|x64.Build.0 = Release|x64
		{D7921510-E84E-45DC-9992-F44E8A206668}.Release|x86.ActiveCfg = Release|Win32
		{D7921510-E84E-45DC-9992-F44E8A206668}.Release|x86.Build.0 = Release|Win32
		{894C18CF-FA07-47D1-8410-930F3647689D}.Debug|x64.ActiveCfg = Debug|x64
		{894C18CF-FA07-47D1-8410-930F3647689D}.Debug|x64.Build.0 = Debug|x64
		{894C18CF-FA07-47D1-8410-930F3647689D}.Debug|x86.ActiveCfg = Debug|Win32
		{894C18CF-FA07-47D1-8410-930F3647689D}.Debug|x86.Build.0 = Debug|Win32
		{894C18CF-FA07-47D1-8410-930F3647689D}.Release|x64.ActiveCfg = Release|x64
		{894C18CF-FA07-47D1-8410-930F3647689D}.Release|x64.Build.0 = Release|x64
		{894C18CF-FA07-47D1-8410-930F3647689D}.Release|x86.ActiveCfg = Release|Win32
		{894C18CF-FA07-47D1-8410-930F3647689D}.Release|x86.Build.0 = Release|Win32
		{6CFA59D5-9C05-4AE7-B783-928257BFCF1B}.Debug|x64.ActiveCfg = Debug|x64
		{6CFA59D5-9C05-4AE7-B783-928257BFCF1B}.Debug|x64.Build.0 = Debug|x64
		{6CFA59D5-9C05-4AE7-B783-928257BFCF1B}.Debug|x86.ActiveCfg = Debug|Win32
		{6CFA59D5-9C05-4AE7-B783-928257BFCF1B}.Debug|x86.Build.0 = Debug|Win32
		{6CFA59D5-9C05-4AE7-B783-928257BFCF1B}.Release|x64.ActiveCfg = Release|x64
		{6CFA59D5-9C05-4AE7-B783-928257BFCF1B}.Release|x64.Build.0 = Release|x64
		{6CFA59D5-9C05-4AE7-B783-928257BFCF1B}.Release|x86.ActiveCfg = Release|Win32
		{6CFA59D5-9C05-4AE7-B783-928257BFCF1B}.Release|x86.Build.0 = Release|Win32
		{A92E351C-089D-46A3-AAFC-1BAF6EC6BB14}.Debug|x64.ActiveCfg = Debug|x64
		{A92E351C-089D-46A3-AAFC-1BAF6EC6BB14}.Debug|x64.Build.0 = Debug|x64
		{A92E351C-089D-46A3-AAFC-1BAF6EC6BB14}.Debug|x86.ActiveCfg = Debug|Win32
		{A92E351C-089D-46A3-AAFC-1BAF6EC6BB14}.Debug|x86.Build.0 = Debug|Win32
		{A92E351C-089D-46A3-AAFC-1BAF6EC6BB14}.Release|x64.ActiveCfg = Release|x64
		{A92E351C-089D-46A3-AAFC-1BAF6EC6BB14}.Release|x64.Build.0 = Release|x64
		{A92E351C-089D-46A3-AAFC-1BAF6EC6BB14}.Release|x86.ActiveCfg = Release|Win32
		{A92E351C-089D-46A3-AAFC-1BAF6EC6BB14}.Release|x86.Build.0 = Release|Win32
		{445F5B6B-C88D-4227-8C55-F38AF9C37F75}.Debug|x64.ActiveCfg = Debug|x64
		{445F5B6B-C88D-4227-8C55-F38AF9C37F75}.Debug|x64.Build.0 = Debug|x64
		{445F5B6B-C88D-4227-8C55-F38AF9C37F75}.Debug|x86.ActiveCfg = Debug|Win32
		{445F5B6B-C88D-4227-8C55-F38AF9C37F75}.Debug|x86.Build.0 = Debug|Win32
		{445F5B6B-C88D-4227-8C55-F38AF9C37F75}.Release|x64.ActiveCfg = Release|x64
		{445F5B6B-C88D-4227-8C55-F38AF9C37F75}.Release|x64.Build.0 = Release|x64
		{445F5B6B-C88D-4227-8C55-F38AF9C37F75}.Release|x86.ActiveCfg = Release|Win32
		{445F5B6B-C88D-4227-8C55-F38AF9C37F75}.Release|x86.Build.0 = Release|Win32
		{BAA51162-7A74-4BD2-945F-1F2096269662}.Debug|x64.ActiveCfg = Debug|x64
		{BAA51162-7A74-4BD2-945F-1F2096269662}.Debug|x64.Build.0 = Debug|x64
		{BAA51162-7A74-4BD2-945F-1F2096269662}.Debug|x86.ActiveCfg = Debug|Win32
		{BAA51162-7A74-4BD2-945F-1F2096269662}.Debug|x86.Build.0 = Debug|Win32
		{BAA51162-7A74-4BD2-945F-1F2096269662}.Release|x64.ActiveCfg = Release|x64
		{BAA51162-7A74-4BD2-945F-1F2096269662}.Release|x64.Build.0 = Release|x64
		{BAA51162-7A74-4BD2-945F-1F2096269662}.Release|x86.ActiveCfg = Release|Win32
		{BAA51162-7A74-4BD2-945F-1F2096269662}.Release|x86.Build.0 = Release|Win32
		{FE830103-9CED-49FB-AB67-BA7DC85C35C0}.Debug|x64.ActiveCfg = Debug|x64
		{FE830103-9CED-49FB-AB67-BA7DC85C35C0}.Debug|x64.Build.0 = Debug|x64
		{FE830103-9CED-49FB-AB67-BA7DC85C35C0}.Debug|x86.ActiveCfg = Debug|Win32
		{FE830103-9CED-49FB-AB67-BA7DC85C35C0}.Debug|x86.Build.0 = Debug|Win32
		{FE830103-9CED-49FB-AB67-BA7DC85C35C0}.Release|x64.ActiveCfg = Release|x64
		{FE830103-9CED-49FB-AB67-BA7DC85C35C0}.Release|x64.Build.0 = Release|x64
		{FE830103-9CED-49FB-AB67-BA7DC85C35C0}.Release|x86.ActiveCfg = Release|Win32
		{FE830103-9CED-49FB-AB67-BA7DC85C35C0}.Release|x86.Build.0 = Release|Win32
		{94EA33D2-BCBF-452C-A05D-DCE70A6E8CFD}.Debug|x64.ActiveCfg = Debug|x64
		{94EA33D2-BCBF-452C-A05D-DCE70A6E8CFD}.Debug|x64.Build.0 = Debug|x64
		{94EA33D2-BCBF-452C-A05D-DCE70A6E8CFD}.Debug|x86.ActiveCfg = Debug|Win32
		{94EA33D2-BCBF-452C-A05D-DCE70A6E8CFD}.Debug|x86.Build.0 = Debug|Win32
		{94EA33D2-BCBF-452C-A05D-DCE70A6E8CFD}.Release|x64.ActiveCfg = Release|x64
		{94EA33D2-BCBF-452C-A05D-DCE70A6E8CFD}.Release|x64.Build.0 = Release|x64
		{94EA33D2-BCBF-452C-A05D-DCE70A6E8CFD}.Release|x86.ActiveCfg = Release|Win32
		{94EA33D2-BCBF-452C-A05D-DCE70A6E8CFD}.Release|x86.Build.0 = Release|Win32
		{AE695B91-9B9F-4A67-B46D-2C79DB2481C9}.Debug|x64.ActiveCfg = Debug|x64
		{AE695B91-9B9F-4A67-B46D-2C79DB2481C9}.Debug|x64.Build.0 = Debug|x64
		{AE695B91-9B9F-4A67-B46D-2C79DB2481C9}.Debug|x86.ActiveCfg = Debug|Win32
		{AE695B91-9B9F-4A67-B46D-2C79DB2481C9}.Debug|x86.Build.0 = Debug|Win32
		{AE695B91-9B9F-4A67-B46D-2C79DB2481C9}.Release|x64.ActiveCfg = Release|x64
		{AE695B91-9B9F-4A67-B46D-2C79DB2481C9}.Release|x64.Build.0 = Release|x64
		{AE695B91-9B9F-4A67-B46D-2C79DB2481C9}.Release|x86.ActiveCfg = Release|Win32
		{AE695B91-9B9F-4A67-B46D-2C79DB2481C9}.Release|x86.Build.0 = Release|Win32
		{2C749C04-D295-4CAA-ABB9-ED9BA6D07F0C}.Debug|x64.ActiveCfg = Debug|x64
		{2C749C04-D295-4CAA-ABB9-ED9BA6D07F0C}.Debug|x64.Build.0 = Debug|x64
		{2C749C04-D295-4CAA-ABB9-ED9BA6D07F0C}.Debug|x86.ActiveCfg = Debug|Win32
		{2C749C04-D295-4CAA-ABB9-ED9BA6D07F0C}.Debug|x86.Build.0 = Debug|Win32
		{2C749C04-D295-4CAA-ABB9-ED9BA6D07F0C}.Release|x64.ActiveCfg = Release|x64
		{2C749C04-D295-4CAA-ABB9-ED9BA6D07F0C}.Release|x64.Build.0 = Release|x64
		{2C749C04-D295-4CAA-ABB9-ED9BA6D07F0C}.Release|x86.ActiveCfg = Release|Win32
		{2C749C04-D295-4CAA-ABB9-ED9BA6D07F0C}.Release|x86.Build.0 = Release|Win32
		{03DF78C1-FB57-42AB-9E7F-9C038121D507}.Debug|x64.ActiveCfg = Debug|x64
		{03DF78C1-FB57-42AB-9E7F-9C038121D507}.Debug|x64.Build.0 = Debug|x64
		{03DF78C1-FB57-42AB-9E7F-9C038121D507}.Debug|x86.ActiveCfg = Debug|Win32
		{03DF78C1-FB57-42AB-9E7F-9C038121D507}.Debug|x86.Build.0 = Debug|Win32
		{03DF78C1-FB57-42AB-9E7F-9C038121D507}.Release|x64.ActiveCfg = Release|x64
		{03DF78C1-FB57-42AB-9E7F-9C038121D507}.Release|x64.Build.0 = Release|x64
		{03DF78C1-FB57-42AB-9E7F-9C038121D507}.Release|x86.ActiveCfg = Release|Win32
		{03DF78C1-FB57-42AB-9E7F-9C038121D507}.Release|x86.Build.0 = Release|Win32
		{0B83D6CA-4D45-4001-AA5E-5A9BE813BBE1}.Debug|x64.ActiveCfg = Debug|x64
		{0B83D6CA-4D45-4001-AA5E-5A9BE813BBE1}.Debug|x64.Build.0 = Debug|x64
		{0B83D6CA-4D45-4001-AA5E-5A9BE813BBE1}.Debug|x86.ActiveCfg = Debug|Win32
		{0B83D6CA-4D45-4001-AA5E-5A9BE813BBE1}.Debug|x86.Build.0 = Debug|Win32
		{0B83D6CA-4D45-4001-AA5E-5A9BE813BBE1}.Release|x64.ActiveCfg = Release|x64
		{0B83D6CA-4D45-4001-AA5E-5A9BE813BBE1}.Release|x64.Build.0 = Release|x64
		{0B83D6CA-4D45-4001-AA5E-5A9BE813BBE1}.Release|x86.ActiveCfg = Release|Win32
		{0B83D6CA-4D45-4001-AA5E-5A9BE813BBE1}.Release|x86.Build.0 = Release|Win32
		{DB511F33-705B-47A8-AD88-3CB3247625D7}.Debug|x64.ActiveCfg = Debug|x64
		{DB511F33-705B-47A8-AD88-3CB3247625D7}.Debug|x64.Build.0 = Debug|x64
		{DB511F33-705B-47A8-AD88-3CB3247625D7}.Debug|x86.ActiveCfg = Debug|Win32
		{DB511F33-705B-47A8-AD88-3CB3247625D7}.Debug|x86.Build.0 = Debug|Win32
		{DB511F33-705B-47A8-AD88-3CB3247625D7}.Release|x64.ActiveCfg = Release|x64
		{DB511F33-705B-47A8-AD88-3CB3247625D7}.Release|x64.Build.0 = Release|x64
		{DB511F33-705B-47A8-AD88-3CB3247625D7}.Release|x86.ActiveCfg = Release|Win32
		{DB511F33-705B-47A8-AD88-3CB3247625D7}.Release|x86.Build.0 = Release|Win32
		{926B4369-C8B0-42FD-9744-F56154D65775}.Debug|x64.ActiveCfg = Debug|x64
		{926B4369-C8B0-42FD-9744-F56154D65775}.Debug|x64.Build.0 = Debug|x64
		{926B4369-C8B0-42FD-9744-F56154D65775}.Debug|x86.ActiveCfg = Debug|Win32
		{926B4369-C8B0-42FD-9744-F56154D65775}.Debug|x86.Build.0 = Debug|Win32
		{926B4369-C8B0-42FD-9744-F56154D65775}.Release|x64.ActiveCfg = Release|x64
		{926B4369-C8B0-42FD-9744-F56154D65775}.Release|x64.Build.0 = Release|x64
		{926B4369-C8B0-42FD-9744-F56154D65775}.Release|x86.ActiveCfg = Release|Win32
		{926B4369-C8B0-42FD-9744-F56154D65775}.Release|x86.Build.0 = Release|Win32
		{A8864B6F-0970-4D46-9BA2-6B962521F57D}.Debug|x64.ActiveCfg = Debug|x64
		{A8864B6F-0970-4D46-9BA2-6B962521F57D}.Debug|x64.Build.0 = Debug|x64
		{A8864B6F-0970-4D46-9BA2-6B962521F57D}.Debug|x86.ActiveCfg = Debug|Win32
		{A8864B6F-0970-4D46-9BA2-6B962521F57D}.Debug|x86.Build.0 = Debug|Win32
		{A8864B6F-0970-4D46-9BA2-6B962521F57D}.Release|x64.ActiveCfg = Release|x64
		{A8864B6F-0970-4D46-9BA2-6B962521F57D}.Release|x64.Build.0 = Release|x64
		{A8864B6F-0970-4D46-9BA2-6B962521F57D}.Release|x86.ActiveCfg = Release|Win32
		{A8864B6F-0970-4D46-9BA2-6B962521F57D}.Release|x86.Build.0 = Release|Win32
		{ED3D32F4-B33B-4081-B101-D436D5CD855D}.Debug|x64.ActiveCfg = Debug|x64
		{ED3D32F4-B33B-4081-B101-D436D5CD855D}.Debug|x64.Build.0 = Debug|x64
		{ED3D32F4-B33B-4081-B101-D436D5CD855D}.Debug|x86.ActiveCfg = Debug|Win32
		{ED3D32F4-B33B-4081-B101-D436D5CD855D}.Debug|x86.Build.0 = Debug|Win32
		{ED3D32F4-B33B-4081-B101-D436D5CD855D}.Release|x64.ActiveCfg = Release|x64
		{ED3D32F4-B33B-4081-B101-D436D5CD855D}.Release|x64.Build.0 = Release|x64
		{ED3D32F4-B33B-4081-B101-D436D5CD855D}.Release|x86.ActiveCfg = Release|Win32
		{ED3D32F4-B33B-4081-B101-D436D5CD855D}.Release|x86.Build.0 = Release|Win32
		{66EC2F96-6F9D-492A-9FB6-6A1FD638EB5B}.Debug|x64.ActiveCfg = Debug|x64
		{66EC2F96-6F9D-492A-9FB6-6A1FD638EB5B}.Debug|x64.Build.0 = Debug|x64
		{66EC2F96-6F9D-492A-9FB6-6A1FD638EB5B}.Debug|x86.ActiveCfg = Debug|Win32
		{66EC2F96-6F9D-492A-9FB6-6A1FD638EB5B}.Debug|x86.Build.0 = Debug|Win32
		{66EC2F96-6F9D-492A-9FB6-6A1FD638EB5B}.Release|x64.ActiveCfg = Release|x64
		{66EC2F96-6F9D-492A-9FB6-6A1FD638EB5B}.Release|x64.Build.0 = Release|x64
		{66EC2F96-6F9D-492A-9FB6-6A1FD638EB5B}.Release|x86.ActiveCfg = Release|Win32
		{66EC2F96-6F9D-492A-9FB6-6A1FD638EB5B}.Release|x86.Build.0 = Release|Win32
		{25CE299A-895F-4002-A51D-18F3AB90E146}.Debug|x64.ActiveCfg = Debug|x64
		{25CE299A-895F-4002-A51D-18F3AB90E146}.Debug|x64.Build.0 = Debug|x64
		{25CE299A-895F-4002-A51D-18F3AB90E146}.Debug|x86.ActiveCfg = Debug|Win32
		{25CE299A-895F-4002-A51D-18F3AB90E146}.Debug|x86.Build.0 = Debug|Win32
		{25CE299A-895F-4002-A51D-18F3AB90E146}.Release|x64.ActiveCfg = Release|x64
		{25CE299A-895F-4002-A51D-18F3AB90E146}.Release|x64.Build.0 = Release|x64
		{25CE299A-895F-4002-A51D-18F3AB90E146}.Release|x86.ActiveCfg = Release|Win32
		{25CE299A-895F-4002-A51D-18F3AB90E146}.Release|x86.Build.0 = Release|Win32
		{8598AB3C-44C9-4687-A311-9D92D674E406}.Debug|x64.ActiveCfg = Debug|x64
		{8598AB3C-44C9-4687-A311-9D92D674E406}.Debug|x64.Build.0 = Debug|x64
		{8598AB3C-44C9-4687-A311-9D92D674E406}.Debug|x86.ActiveCfg = Debug|Win32
		{8598AB3C-44C9-4687-A311-9D92D674E406}.Debug|x86.Build.0 = Debug|Win32
		{8598AB3C-44C9-4687-A311-9D92D674E406}.Release|x64.ActiveCfg = Release|x64
		{8598AB3C-44C9-4687-A311-9D92D674E406}.Release|x64.Build.0 = Release|x64
		{8598AB3C-44C9-4687-A311-9D92D674E406}.Release|x86.ActiveCfg = Release|Win32
		{8598AB3C-44C9-4687-A311-9D92D674E406}.Release|x86.Build.0 = Release|Win32
		{38AA14C9-1A19-4C0A-950D-42904D1D610F}.Debug|x64.ActiveCfg = Debug|x64
		{38AA14C9-1A19-4C0A-950D-42904D1D610F}.Debug|x64.Build.0 = Debug|x64
		{38AA14C9-1A19-4C0A-950D-42904D1D610F}.Debug|x86.ActiveCfg = Debug|Win32
		{38AA14C9-1A19-4C0A-950D-42904D1D610F}.Debug|x86.Build.0 = Debug|Win32
		{38AA14C9-1A19-4C0A-950D-42904D1D610F}.Release|x64.ActiveCfg = Release|x64
		{38AA14C9-1A19-4C0A-950D-42904D1D610F}.Release|x64.Build.0 = Release|x64
		{38AA14C9-1A19-4C0A-950D-42904D1D610F}.Release|x86.ActiveCfg = Release|Win32
		{38AA14C9-1A19-4C0A-950D-42904D1D610F}.Release|x86.Build.0 = Release|Win32
		{229ADB53-23CC-4E8F-98F4-00172AC305A9}.Debug|x64.ActiveCfg = Debug|x64
		{229ADB53-23CC-4E8F-98F4-00172AC305A9}.Debug|x64.Build.0 = Debug|x64
		{229ADB53-23CC-4E8F-98F4-00172AC305A9}.Debug|x86.ActiveCfg = Debug|Win32
		{229ADB53-23CC-4E8F-98F4-00172AC305A9}.Debug|x86.Build.0 = Debug|Win32
		{229ADB53-23CC-4E8F-98F4-00172AC305A9}.Release|x64.ActiveCfg = Release|x64
		{229ADB53-23CC-4E8F-98F4-00172AC305A9}.Release|x64.Build.0 = Release|x64
		{229ADB53-23CC-4E8F-98F4-00172AC305A9}.Release|x86.ActiveCfg = Release|Win32
		{229ADB53-23CC-4E8F-98F4-00172AC305A9}.Release|x86.Build.0 = Release|Win32
		{BE172820-4E47-4863-92FD-C8DB3019A990}.Debug|x64.ActiveCfg = Debug|x64
		{BE172820-4E47-4863-92FD-C8DB3019A990}.Debug|x64.Build.0 = Debug|x64
		{BE172820-4E47-4863-92FD-C8DB3019A990}.Debug|x86.ActiveCfg = Debug|Win32
		{BE172820-4E47-4863-92FD-C8DB3019A990}.Debug|x86.Build.0 = Debug|Win32
		{BE172820-4E47-4863-92FD-C8DB3019A990}.Release|x64.ActiveCfg = Release|x64
		{BE172820-4E47-4863-92FD-C8DB3019A990}.Release|x64.Build.0 = Release|x64
		{BE172820-4E47-4863-92FD-C8DB3019A990}.Release|x86.ActiveCfg = Release|Win32
		{BE172820-4E47-4863-92FD-C8DB3019A990}.Release|x86.Build.0 = Release|Win32
		{653D7370-8F8D-498D-8609-65CF35C23F57}.Debug|x64.ActiveCfg = Debug|x64
		{653D7370-8F8D-498D-8609-65CF35C23F57}.Debug|x64.Build.0 = Debug|x64
		{653D7370-8F8D-498D-8609-65CF35C23F57}.Debug|x86.ActiveCfg = Debug|Win32
		{653D7370-8F8D-498D-8609-65CF35C23F57}.Debug|x86.Build.0 = Debug|Win32
		{653D7370-8F8D-498D-8609-65CF35C23F57}.Release|x64.ActiveCfg = Release|x64
		{653D7370-8F8D-498D-8609-65CF35C23F57}.Release|x64.Build.0 = Release|x64
		{653D7370-8F8D-498D-8609-65CF35C23F57}.Release|x86.ActiveCfg = Release|Win32
		{653D7370-8F8D-498D-8609-65CF35C23F57}.Release|x86.Build.0 = Release|Win32
		{C0B4C0B7-3283-4117-87B5-F257C46EA005}.Debug|x64.ActiveCfg = Debug|x64
		{C0B4C0B7-3283-4117-87B5-F257C46EA005}.Debug|x64.Build.0 = Debug|x64
		{C0B4C0B7-3283-4117-87B5-F257C46EA005}.Debug|x86.ActiveCfg = Debug|Win32
		{C0B4C0B7-3283-4117-87B5-F257C46EA005}.Debug|x86.Build.0 = Debug|Win32
		{C0B4C0B7-3283-4117-87B5-F257C46EA005}.Release|x64.ActiveCfg = Release|x64
		{C0B4C0B7-3283-4117-87B5-F257C46EA005}.Release|x64.Build.0 = Release|x64
		{C0B4C0B7-3283-4117-87B5-F257C46EA005}.Release|x86.ActiveCfg = Release|Win32
		{C0B4C0B7-3283-4117-87B5-F257C46EA005}.Release|x86.Build.0 = Release|Win32
		{832FD4BB-6D3D-4EA1-AE81-A41175FB27FD}.Debug|x64.ActiveCfg = Debug|x64
		{832FD4BB-6D3D-4EA1-AE81-A41175FB27FD}.Debug|x64.Build.0 = Debug|x64
		{832FD4BB-6D3D-4EA1-AE81-A41175FB27FD}.Debug|x86.ActiveCfg = Debug|Win32
		{832FD4BB-6D3D-4EA1-AE81-A41175FB27FD}.Debug|x86.Build.0 = Debug|Win32
		{832FD4BB-6D3D-4EA1-AE81-A41175FB27FD}.Release|x64.ActiveCfg = Release|x64
		{832FD4BB-6D3D-4EA1-AE81-A41175FB27FD}.Release|x64.Build.0 = Release|x64
		{832FD4BB-6D3D-4EA1-AE81-A41175FB27FD}.Release|x86.ActiveCfg = Release|Win32
		{832FD4BB-6D3D-4EA1-AE81-A41175FB27FD}.Release|x86.Build.0 = Release|Win32
		{A9256709-F40E-4855-9F79-B4EABAF50B83}.Debug|x64.ActiveCfg = Debug|x64
		{A9256709-F40E-4855-9F79-B4EABAF50B83}.Debug|x64.Build.0 = Debug|x64
		{A9256709-F40E-4855-9F79-B4EABAF50B83}.Debug|x86.ActiveCfg = Debug|Win32
		{A9256709-F40E-4855-9F79-B4EABAF50B83}.Debug|x86.Build.0 = Debug|Win32
		{A9256709-F40E-4855-9F79-B4EABAF50B83}.Release|x64.ActiveCfg = Release|x64
		{A9256709-F40E-4855-9F79-B4EABAF50B83}.Release|x64.Build.0 = Release|x64
		{A9256709-F40E-4855-9F79-B4EABAF50B83}.Release|x86.ActiveCfg = Release|Win32
		{A9256709-F40E-4855-9F79-B4EABAF50B83}.Release|x86.Build.0 = Release|Win32
		{622D6AF3-5700-43AE-8903-96FF97F55FF9}.Debug|x64.ActiveCfg = Debug|x64
		{622D6AF3-5700-43AE-8903-96FF97F55FF9}.Debug|x64.Build.0 = Debug|x64
		{622D6AF3-5700-43AE-8903-96FF97F55FF9}.Debug|x86.ActiveCfg = Debug|Win32
		{622D6AF3-5700-43AE-8903-96FF97F55FF9}.Debug|x86.Build.0 = Debug|Win32
		{622D6AF3-5700-43AE-8903-96FF97F55FF9}.Release|x64.ActiveCfg = Release|x64
		{622D6AF3-5700-43AE-8903-96FF97F55FF9}.Release|x64.Build.0 = Release|x64
		{622D6AF3-5700-43AE-8903-96FF97F55FF9}.Release|x86.ActiveCfg = Release|Win32
		{622D6AF3-5700-43AE-8903-96FF97F55FF9}.Release|x86.Build.0 = Release|Win32
		{C20EDC3B-2917-44A9-8477-DA54CE2D3B16}.Debug|x64.ActiveCfg = Debug|x64
		{C20EDC3B-2917-44A9-8477-DA54CE2D3B16}.Debug|x64.Build.0 = Debug|x64
		{C20EDC3B-2917-44A9-8477-DA54CE2D3B16}.Debug|x86.ActiveCfg = Debug|Win32
		{C20EDC3B-2917-44A9-8477-DA54CE2D3B16}.Debug|x86.Build.0 = Debug|Win32
		{C20EDC3B-2917-44A9-8477-DA54CE2D3B16}.Release|x64.ActiveCfg = Release|x64
		{C20EDC3B-2917-44A9-8477-DA54CE2D3B16}.Release|x64.Build.0 = Release|x64
		{C20EDC3B-2917-44A9-8477-DA54CE2D3B16}.Release|x86.ActiveCfg = Release|Win32
		{C20EDC3B-2917-44A9-8477-DA54CE2D3B16}.Release|x86.Build.0 = Release|Win32
		{7094ED2D-7109-499D-B08A-4D2C076F5407}.Debug|x64.ActiveCfg = Debug|x64
		{7094ED2D-7109-499D-B08A-4D2C076F5407}.Debug|x64.Build.0 = Debug|x64
		{7094ED2D-7109-499D-B08A-4D2C076F5407}.Debug|x86.ActiveCfg = Debug|Win32
		{7094ED2D-7109-499D-B08A-4D2C076F5407}.Debug|x86.Build.0 = Debug|Win32
		{7094ED2D-7109-499D-B08A-4D2C076F5407}.Release|x64.ActiveCfg = Release|x64
		{7094ED2D-7109-499D-B08A-4D2C076F5407}.Release|x64.Build.0 = Release|x64
		{7094ED2D-7109-499D-B08A-4D2C076F5407}.Release|x86.ActiveCfg = Release|Win32
		{7094ED2D-7109-499D-B08A-4D2C076F5407}.Release|x86.Build.0 = Release|Win32
		{0F073965-D279-44F0-9EC6-A77683EEEA2B}.Debug|x64.ActiveCfg = Debug|x64
		{0F073965-D279-44F0-9EC6-A77683EEEA2B}.Debug|x64.Build.0 = Debug|x64
		{0F073965-D279-44F0-9EC6-A77683EEEA2B}.Debug|x86.ActiveCfg = Debug|Win32
		{0F073965-D279-44F0-9EC6-A77683EEEA2B}.Debug|x86.Build.0 = Debug|Win32
		{0F073965-D279-44F0-9EC6-A77683EEEA2B}.Release|x64.ActiveCfg = Release|x64
		{0F073965-D279-44F0-9EC6-A77683EEEA2B}.Release|x64.Build.0 = Release|x64
		{0F073965-D279-44F0-9EC6-A77683EEEA2B}.Release|x86.ActiveCfg = Release|Win32
		{0F073965-D279-44F0-9EC6-A77683EEEA2B}.Release|x86.Build.0 = Release|Win32
		{F42714F6-6CF8-474C-AE1A-8884A36574A9}.Debug|x64.ActiveCfg = Debug|x64
		{F42714F6-6CF8-474C-AE1A-8884A36574A9}.Debug|x64.Build.0 = Debug|x64
		{F42714F6-6CF8-474C-AE1A-8884A36574A9}.Debug|x86.ActiveCfg = Debug|Win32
		{F42714F6-6CF8-474C-AE1A-8884A36574A9}.Debug|x86.Build.0 = Debug|Win32
		{F42714F6-6CF8-474C-AE1A-8884A36574A9}.Release|x64.ActiveCfg = Release|x64
		{F42714F6-6CF8-474C-AE1A-8884A36574A9}.Release|x64.Build.0 = Release|x64
		{F42714F6-6CF8-474C-AE1A-8884A36574A9}.Release|x86.ActiveCfg = Release|Win32
		{F42714F6-6CF8-474C-AE1A-8884A36574A9}.Release|x86.Build.0 = Release|Win32
		{0D5A2D7E-932E-4B83-9186-9C2178A1A981}.Debug|x64.ActiveCfg = Debug|x64
		{0D5A2D7E-932E-4B83-9186-9C2178A1A981}.Debug|x64.Build.0 = Debug|x64
		{0D5A2D7E-932E-4B83-9186-9C2178A1A981}.Debug|x86.ActiveCfg = Debug|Win32
		{0D5A2D7E-932E-4B83-9186-9C2178A1A981}.Debug|x86.Build.0 = Debug|Win32
		{0D5A2D7E-932E-4B83-9186-9C2178A1A981}.Release|x64.ActiveCfg = Release|x64
		{0D5A2D7E-932E-4B83-9186-9C2178A1A981}.Release|x64.Build.0 = Release|x64
		{0D5A2D7E-932E-4B83-9186-9C2178A1A981}.Release|x86.ActiveCfg = Release|Win32
		{0D5A2D7E-932E-4B83-9186-9C2178A1A981}.Release|x86.Build.0 = Release|Win32
		{4EBEFC52-1B92-4BEA-B36C-B9061A940040}.Debug|x64.ActiveCfg = Debug|x64
		{4EBEFC52-1B92-4BEA-B36C-B9061A940040}.Debug|x64.Build.0 = Debug|x64
		{4EBEFC52-1B92-4BEA-B36C-B9061A940040}.Debug|x86.ActiveCfg = Debug|Win32
		{4EBEFC52-1B92-4BEA-B36C-B9061A940040}.Debug|x86.Build.0 = Debug|Win32
		{4EBEFC52-1B92-4BEA-B36C-B9061A940040}.Release|x64.ActiveCfg = Release|x64
		{4EBEFC52-1B92-4BEA-B36C-B9061A940040}.Release|x64.Build.0 = Release|x64
		{4EBEFC52-1B92-4BEA-B36C-B9061A940040}.Release|x86.ActiveCfg = Release|Win32
		{4EBEFC52-1B92-4BEA-B36C-B9061A940040}.Release|x86.Build.0 = Release|Win32
		{BFF5EDAF-A868-4C49-9856-D7B71107BCAB}.Debug|x64.ActiveCfg = Debug|x64
		{BFF5EDAF-A868-4C49-9856-D7B71107BCAB}.Debug|x64.Build.0 = Debug|x64
		{BFF5EDAF-A868-4C49-9856-D7B71107BCAB}.Debug|x86.ActiveCfg = Debug|Win32
		{BFF5EDAF-A868-4C49-9856-D7B71107BCAB}.Debug|x86.Build.0 = Debug|Win32
		{BFF5EDAF-A868-4C49-9856-D7B71107BCAB}.Release|x64.ActiveCfg = Release|x64
		{BFF5EDAF-A868-4C49-9856-D7B71107BCAB}.Release|x64.Build.0 = Release|x64
		{BFF5EDAF-A868-4C49-9856-D7B71107BCAB}.Release|x86.ActiveCfg = Release|Win32
		{BFF5EDAF-A868-4C49-9856-D7B71107BCAB}.Release|x86.Build.0 = Release|Win32
		{82AD0BB7-4278-46CC-B5EE-81DA1C4218C5}.Debug|x64.ActiveCfg = Debug|x64
		{82AD0BB7-4278-46CC-B5EE-81DA1C4218C5}.Debug|x64.Build.0 = Debug|x64
		{82AD0BB7-4278-46CC-B5EE-81DA1C4218C5}.Debug|x86.ActiveCfg = Debug|Win32
		{82AD0BB7-4278-46CC-B5EE-81DA1C4218C5}.Debug|x86.Build.0 = Debug|Win32
		{82AD0BB7-4278-46CC-B5EE-81DA1C4218C5}.Release|x64.ActiveCfg = Release|x64
		{82AD0BB7-4278-46CC-B5EE-81DA1C4218C5}.Release|x64.Build.0 = Release|x64
		{82AD0BB7-4278-46CC-B5EE-81DA1C4218C5}.Release|x86.ActiveCfg = Release|Win32
		{82AD0BB7-4278-46CC-B5EE-81DA1C4218C5}.Release|x86.Build.0 = Release|Win32
		{849E589D-D5B8-46D8-B45A-5F3AFCB9DC40}.Debug|x64.ActiveCfg = Debug|x64
		{849E589D-D5B8-46D8-B45A-5F3AFCB9DC40}.Debug|x64.Build.0 = Debug|x64
		{849E589D-D5B8-46D8-B45A-5F3AFCB9DC40}.Debug|x86.ActiveCfg = Debug|Win32
		{849E589D-D5B8-46D8-B45A-5F3AFCB9DC40}.Debug|x86.Build.0 = Debug|Win32
		{849E589D-D5B8-46D8-B45A-5F3AFCB9DC40}.Release|x64.ActiveCfg = Release|x64
		{849E589D-D5B8-46D8-B45A-5F3AFCB9DC40}.Release|x64.Build.0 = Release|x64
		{849E589D-D5B8-46D8-B45A-5F3AFCB9DC40}.Release|x86.ActiveCfg = Release|Win32
		{849E589D-D5B8-46D8-B45A-5F3AFCB9DC40}.Release|x86.Build.0 = Release|Win32
		{C1B2E703-F891-4CA0-8E08-A4CAD73F25C7}.Debug|x64.ActiveCfg = Debug|x64
		{C1B2E703-F891-4CA0-8E08-A4CAD73F25C7}.Debug|x64.Build.0 = Debug|x64
		{C1B2E703-F891-4CA0-8E08-A4CAD73F25C7}.Debug|x86.ActiveCfg = Debug|Win32
		{C1B2E703-F891-4CA0-8E08-A4CAD73F25C7}.Debug|x86.Build.0 = Debug|Win32
		{C1B2E703-F891-4CA0-8E08-A4CAD73F25C7}.Release|x64.ActiveCfg = Release|x64
		{C1B2E703-F891-4CA0-8E08-A4CAD73F25C7}.Release|x64.Build.0 = Release|x64
		{C1B2E703-F891-4CA0-8E08-A4CAD73F25C7}.Release|x86.ActiveCfg = Release|Win32
		{C1B2E703-F891-4CA0-8E08-A4CAD73F25C7}.Release|x86.Build.0 = Release|Win32
		{23D51649-D7D7-461B-8C32-040B8EE80990}.Debug|x64.ActiveCfg = Debug|x64
		{23D51649-D7D7-461B-8C32-040B8EE80990}.Debug|x64.Build.0 = Debug|x64
		{23D51649-D7D7-461B-8C32-040B8EE80990}.Debug|x86.ActiveCfg = Debug|Win32
		{23D51649-D7D7-461B-8C32-040B8EE80990}.Debug|x86.Build.0 = Debug|Win32
		{23D51649-D7D7-461B-8C32-040B8EE80990}.Release|x64.ActiveCfg = Release|x64
		{23D51649-D7D7-461B-8C32-040B8EE80990}.Release|x64.Build.0 = Release|x64
		{23D51649-D7D7-461B-8C32-040B8EE80990}.Release|x86.ActiveCfg = Release|Win32
		{23D51649-D7D7-461B-8C32-040B8EE80990}.Release|x86.Build.0 = Release|Win32
		{34339A16-8AE2-4824-A6E3-7C4919EA6178}.Debug|x64.ActiveCfg = Debug|x64
		{34339A16-8AE2-4824-A6E3-7C4919EA6178}.Debug|x64.Build.0 = Debug|x64
		{34339A16-8AE2-4824-A6E3-7C4919EA6178}.Debug|x86.ActiveCfg = Debug|Win32
		{34339A16-8AE2-4824-A6E3-7C4919EA6178}.Debug|x86.Build.0 = Debug|Win32
		{34339A16-8AE2-4824-A6E3-7C4919EA6178}.Release|x64.ActiveCfg = Release|x64
		{34339A16-8AE2-4824-A6E3-7C4919EA6178}.Release|x64.Build.0 = Release|x64
		{34339A16-8AE2-4824-A6E3-7C4919EA6178}.Release|x86.ActiveCfg = Release|Win32
		{34339A16-8AE2-4824-A6E3-7C4919EA6178}.Release|x86.Build.0 = Release|Win32
		{EEDF6C5B-7AC9-4431-8621-C7B507D186C0}.Debug|x64.ActiveCfg = Debug|x64
		{EEDF6C5B-7AC9-4431-8621-C7B507D186C0}.Debug|x64.Build.0 = Debug|x64
		{EEDF6C5B-7AC9-4431-8621-C7B507D186C0}.Debug|x86.ActiveCfg = Debug|Win32
		{EEDF6C5B-7AC9-4431-8621-C7B507D186C0}.Debug|x86.Build.0 = Debug|Win32
		{EEDF6C5B-7AC9-4431-8621-C7B507D186C0}.Release|x64.ActiveCfg = Release|x64
		{EEDF6C5B-7AC9-4431-8621-C7B507D186C0}.Release|x64.Build.0 = Release|x64
		{EEDF6C5B-7AC9-4431-8621-C7B507D186C0}.Release|x86.ActiveCfg = Release|Win32
		{EEDF6C5B-7AC9-4431-8621-C7B507D186C0}.Release|x86.Build.0 = Release|Win32
		{C45036BD-40BC-49C0-923C-7CC2B9C217A2}.Debug|x64.ActiveCfg = Debug|x64
		{C45036BD-40BC-49C0-923C-7CC2B9C217A2}.Debug|x64.Build.0 = Debug|x64
		{C45036BD-40BC-49C0-923C-7CC2B9C217A2}.Debug|x86.ActiveCfg = Debug|Win32
		{C45036BD-40BC-49C0-923C-7CC2B9C217A2}.Debug|x86.Build.0 = Debug|Win32
		{C45036BD-40BC-49C0-923C-7CC2B9C217A2}.Release|x64.ActiveCfg = Release|x64
		{C45036BD-40BC-49C0-923C-7CC2B9C217A2}.Release|x64.Build.0 = Release|x64
		{C45036BD-40BC-49C0-923C-7CC2B9C217A2}.Release|x86.ActiveCfg = Release|Win32
		{C45036BD-40BC-49C0-923C-7CC2B9C217A2}.Release|x86.Build.0 = Release|Win32
		{40B211E9-4959-4287-9109-10B71EAC185E}.Debug|x64.ActiveCfg = Debug|x64
		{40B211E9-4959-4287-9109-10B71EAC185E}.Debug|x64.Build.0 = Debug|x64
		{40B211E9-4959-4287-9109-10B71EAC185E}.Debug|x86.ActiveCfg = Debug|Win32
		{40B211E9-4959-4287-9109-10B71EAC185E}.Debug|x86.Build.0 = Debug|Win32
		{40B211E9-4959-4287-9109-10B71EAC185E}.Release|x64.ActiveCfg = Release|x64
		{40B211E9-4959-4287-9109-10B71EAC185E}.Release|x64.Build.0 = Release|x64
		{40B211E9-4959-4287-9109-10B71EAC185E}.Release|x86.ActiveCfg = Release|Win32
		{40B211E9-4959-4287-9109-10B71EAC185E}.Release|x86.Build.0 = Release|Win32
		{89DE0F66-47A5-4D8B-A7EC-C6E21AD2EB3F}.Debug|x64.ActiveCfg = Debug|x64
		{89DE0F66-47A5-4D8B-A7EC-C6E21AD2EB3F}.Debug|x64.Build.0 = Debug|x64
		{89DE0F66-47A5-4D8B-A7EC-C6E21AD2EB3F}.Debug|x86.ActiveCfg = Debug|Win32
		{89DE0F66-47A5-4D8B-A7EC-C6E21AD2EB3F}.Debug|x86.Build.0 = Debug|Win32
		{89DE0F66-47A5-4D8B-A7EC-C6E21AD2EB3F}.Release|x64.ActiveCfg = Release|x64
		{89DE0F66-47A5-4D8B-A7EC-C6E21AD2EB3F}.Release|x64.Build.0 = Release|x64
		{89DE0F66-47A5-4D8B-A7EC-C6E21AD2EB3F}.Release|x86.ActiveCfg = Release|Win32
		{89DE0F66-47A5-4D8B-A7EC-C6E21AD2EB3F}.Release|x86.Build.0 = Release|Win32
		{3F910EFD-7B6F-4888-8FA4-D9CADFAA96E3}.Debug|x64.ActiveCfg = Debug|x64
		{3F910EFD-7B6F-4888-8FA4-D9CADFAA96E3}.Debug|x64.Build.0 = Debug|x64
		{3F910EFD-7B6F-4888-8FA4-D9CADFAA96E3}.Debug|x86.ActiveCfg = Debug|Win32
		{3F910EFD-7B6F-4888-8FA4-D9CADFAA96E3}.Debug|x86.Build.0 = Debug|Win32
		{3F910EFD-7B6F-4888-8FA4-D9CADFAA96E3}.Release|x64.ActiveCfg = Release|x64
		{3F910EFD-7B6F-4888-8FA4-D9CADFAA96E3}.Release|x64.Build.0 = Release|x64
		{3F910EFD-7B6F-4888-8FA4-D9CADFAA96E3}.Release|x86.ActiveCfg = Release|Win32
		{3F910EFD-7B6F-4888-8FA4-D9CADFAA96E3}.Release|x86.Build.0 = Release|Win32
		{E86A7AA9-726B-459D-8C73-7B11B1400BAB}.Debug|x64.ActiveCfg = Debug|x64
		{E86A7AA9-726B-459D-8C73-7B11B1400BAB}.Debug|x64.Build.0 = Debug|x64
		{E86A7AA9-726B-459D-8C73-7B11B1400BAB}.Debug|x86.ActiveCfg = Debug|Win32
		{E86A7AA9-726B-459D-8C73-7B11B1400BAB}.Debug|x86.Build.0 = Debug|Win32
		{E86A7AA9-726B-459D-8C73-7B11B1400BAB}.Release|x64.ActiveCfg = Release|x64
		{E86A7AA9-726B-459D-8C73-7B11B1400BAB}.Release|x64.Build.0 = Release|x64
		{E86A7AA9-726B-459D-8C73-7B11B1400BAB}.Release|x86.ActiveCfg = Release|Win32
		{E86A7AA9-726B-459D-8C73-7B11B1400BAB}.Release|x86.Build.0 = Release|Win32
	EndGlobalSection
	GlobalSection(SolutionProperties) = preSolution
		HideSolutionNode = FALSE
	EndGlobalSection
EndGlobal
